
Microsoft Visual Studio Solution File, Format Version 12.00
# Visual Studio Version 17
VisualStudioVersion = 17.2.32526.322
MinimumVisualStudioVersion = 10.0.40219.1
Project("{FAE04EC0-301F-11D3-BF4B-00C04F79EFBC}") = "backendBanking", "backendBanking\backendBanking.csproj", "{76BACE8E-8AAA-4CA6-B35C-2CE4312F9DCC}"
EndProject
Global
	GlobalSection(SolutionConfigurationPlatforms) = preSolution
		Debug|Any CPU = Debug|Any CPU
		Release|Any CPU = Release|Any CPU
	EndGlobalSection
	GlobalSection(ProjectConfigurationPlatforms) = postSolution
		{76BACE8E-8AAA-4CA6-B35C-2CE4312F9DCC}.Debug|Any CPU.ActiveCfg = Debug|Any CPU
		{76BACE8E-8AAA-4CA6-B35C-2CE4312F9DCC}.Debug|Any CPU.Build.0 = Debug|Any CPU
		{76BACE8E-8AAA-4CA6-B35C-2CE4312F9DCC}.Release|Any CPU.ActiveCfg = Release|Any CPU
		{76BACE8E-8AAA-4CA6-B35C-2CE4312F9DCC}.Release|Any CPU.Build.0 = Release|Any CPU
	EndGlobalSection
	GlobalSection(SolutionProperties) = preSolution
		HideSolutionNode = FALSE
	EndGlobalSection
	GlobalSection(ExtensibilityGlobals) = postSolution
		SolutionGuid = {42AD1668-96BD-4481-A581-869742E6F13B}
	EndGlobalSection
EndGlobal
